
Microsoft Visual Studio Solution File, Format Version 12.00
# Visual Studio Version 16
VisualStudioVersion = 16.0.32630.194
MinimumVisualStudioVersion = 10.0.40219.1
Project("{FAE04EC0-301F-11D3-BF4B-00C04F79EFBC}") = "SkillMine", "SkillMine\SkillMine.csproj", "{DD12DC04-1DED-46F5-8A9F-6344F87802B1}"
EndProject
Global
	GlobalSection(SolutionConfigurationPlatforms) = preSolution
		Debug|Any CPU = Debug|Any CPU
		Release|Any CPU = Release|Any CPU
	EndGlobalSection
	GlobalSection(ProjectConfigurationPlatforms) = postSolution
		{DD12DC04-1DED-46F5-8A9F-6344F87802B1}.Debug|Any CPU.ActiveCfg = Debug|Any CPU
		{DD12DC04-1DED-46F5-8A9F-6344F87802B1}.Debug|Any CPU.Build.0 = Debug|Any CPU
		{DD12DC04-1DED-46F5-8A9F-6344F87802B1}.Release|Any CPU.ActiveCfg = Release|Any CPU
		{DD12DC04-1DED-46F5-8A9F-6344F87802B1}.Release|Any CPU.Build.0 = Release|Any CPU
	EndGlobalSection
	GlobalSection(SolutionProperties) = preSolution
		HideSolutionNode = FALSE
	EndGlobalSection
	GlobalSection(ExtensibilityGlobals) = postSolution
		SolutionGuid = {B2C6F14D-112E-49ED-94EA-37E6820209EE}
	EndGlobalSection
EndGlobal
